
Microsoft Visual Studio Solution File, Format Version 12.00
# Visual Studio Version 16
VisualStudioVersion = 16.0.30717.126
MinimumVisualStudioVersion = 10.0.40219.1
Project("{FAE04EC0-301F-11D3-BF4B-00C04F79EFBC}") = "BMSReceiver.Test", "Receiver\BMSReceiver.Test\BMSReceiver.Test.csproj", "{3B539D19-FD1C-4EB9-BE6C-59283333DFF2}"
EndProject
Project("{FAE04EC0-301F-11D3-BF4B-00C04F79EFBC}") = "BMSReceiver", "Receiver\BMSReceiver\BMSReceiver.csproj", "{EF53CE2B-F779-4ACD-AEE6-D49FE74F2200}"
EndProject
Global
	GlobalSection(SolutionConfigurationPlatforms) = preSolution
		Debug|Any CPU = Debug|Any CPU
		Release|Any CPU = Release|Any CPU
	EndGlobalSection
	GlobalSection(ProjectConfigurationPlatforms) = postSolution
		{3B539D19-FD1C-4EB9-BE6C-59283333DFF2}.Debug|Any CPU.ActiveCfg = Debug|Any CPU
		{3B539D19-FD1C-4EB9-BE6C-59283333DFF2}.Debug|Any CPU.Build.0 = Debug|Any CPU
		{3B539D19-FD1C-4EB9-BE6C-59283333DFF2}.Release|Any CPU.ActiveCfg = Release|Any CPU
		{3B539D19-FD1C-4EB9-BE6C-59283333DFF2}.Release|Any CPU.Build.0 = Release|Any CPU
		{EF53CE2B-F779-4ACD-AEE6-D49FE74F2200}.Debug|Any CPU.ActiveCfg = Debug|Any CPU
		{EF53CE2B-F779-4ACD-AEE6-D49FE74F2200}.Debug|Any CPU.Build.0 = Debug|Any CPU
		{EF53CE2B-F779-4ACD-AEE6-D49FE74F2200}.Release|Any CPU.ActiveCfg = Release|Any CPU
		{EF53CE2B-F779-4ACD-AEE6-D49FE74F2200}.Release|Any CPU.Build.0 = Release|Any CPU
	EndGlobalSection
	GlobalSection(SolutionProperties) = preSolution
		HideSolutionNode = FALSE
	EndGlobalSection
	GlobalSection(ExtensibilityGlobals) = postSolution
		SolutionGuid = {E474E777-F127-426D-B846-FB7C147BF20F}
	EndGlobalSection
EndGlobal
